
Microsoft Visual Studio Solution File, Format Version 12.00
# Visual Studio Version 17
VisualStudioVersion = 17.11.35312.102
MinimumVisualStudioVersion = 10.0.40219.1
Project("{FAE04EC0-301F-11D3-BF4B-00C04F79EFBC}") = "prime_numbers_between_257_1233", "prime_numbers_between_257_1233\prime_numbers_between_257_1233.csproj", "{24EC7C2F-93F8-4CD5-A791-149AFAF239DF}"
EndProject
Global
	GlobalSection(SolutionConfigurationPlatforms) = preSolution
		Debug|Any CPU = Debug|Any CPU
		Release|Any CPU = Release|Any CPU
	EndGlobalSection
	GlobalSection(ProjectConfigurationPlatforms) = postSolution
		{24EC7C2F-93F8-4CD5-A791-149AFAF239DF}.Debug|Any CPU.ActiveCfg = Debug|Any CPU
		{24EC7C2F-93F8-4CD5-A791-149AFAF239DF}.Debug|Any CPU.Build.0 = Debug|Any CPU
		{24EC7C2F-93F8-4CD5-A791-149AFAF239DF}.Release|Any CPU.ActiveCfg = Release|Any CPU
		{24EC7C2F-93F8-4CD5-A791-149AFAF239DF}.Release|Any CPU.Build.0 = Release|Any CPU
	EndGlobalSection
	GlobalSection(SolutionProperties) = preSolution
		HideSolutionNode = FALSE
	EndGlobalSection
	GlobalSection(ExtensibilityGlobals) = postSolution
		SolutionGuid = {573CDB08-4889-4EA8-BB46-F58B00AA4878}
	EndGlobalSection
EndGlobal
