
Microsoft Visual Studio Solution File, Format Version 12.00
# Visual Studio Version 17
VisualStudioVersion = 17.11.35312.102
MinimumVisualStudioVersion = 10.0.40219.1
Project("{FAE04EC0-301F-11D3-BF4B-00C04F79EFBC}") = "factorial_calculation", "factorial_calculation\factorial_calculation.csproj", "{B3924E59-13E4-497B-ADE3-903B448F315F}"
EndProject
Global
	GlobalSection(SolutionConfigurationPlatforms) = preSolution
		Debug|Any CPU = Debug|Any CPU
		Release|Any CPU = Release|Any CPU
	EndGlobalSection
	GlobalSection(ProjectConfigurationPlatforms) = postSolution
		{B3924E59-13E4-497B-ADE3-903B448F315F}.Debug|Any CPU.ActiveCfg = Debug|Any CPU
		{B3924E59-13E4-497B-ADE3-903B448F315F}.Debug|Any CPU.Build.0 = Debug|Any CPU
		{B3924E59-13E4-497B-ADE3-903B448F315F}.Release|Any CPU.ActiveCfg = Release|Any CPU
		{B3924E59-13E4-497B-ADE3-903B448F315F}.Release|Any CPU.Build.0 = Release|Any CPU
	EndGlobalSection
	GlobalSection(SolutionProperties) = preSolution
		HideSolutionNode = FALSE
	EndGlobalSection
	GlobalSection(ExtensibilityGlobals) = postSolution
		SolutionGuid = {65720BFF-548A-4DC2-AC3B-BCA18D42A360}
	EndGlobalSection
EndGlobal
