
Microsoft Visual Studio Solution File, Format Version 12.00
# Visual Studio Version 17
VisualStudioVersion = 17.11.35312.102
MinimumVisualStudioVersion = 10.0.40219.1
Project("{FAE04EC0-301F-11D3-BF4B-00C04F79EFBC}") = "restaurant_ordering_system", "restaurant_ordering_system\restaurant_ordering_system.csproj", "{11C5CF2B-35C7-4D59-B0F8-6F750B121975}"
EndProject
Global
	GlobalSection(SolutionConfigurationPlatforms) = preSolution
		Debug|Any CPU = Debug|Any CPU
		Release|Any CPU = Release|Any CPU
	EndGlobalSection
	GlobalSection(ProjectConfigurationPlatforms) = postSolution
		{11C5CF2B-35C7-4D59-B0F8-6F750B121975}.Debug|Any CPU.ActiveCfg = Debug|Any CPU
		{11C5CF2B-35C7-4D59-B0F8-6F750B121975}.Debug|Any CPU.Build.0 = Debug|Any CPU
		{11C5CF2B-35C7-4D59-B0F8-6F750B121975}.Release|Any CPU.ActiveCfg = Release|Any CPU
		{11C5CF2B-35C7-4D59-B0F8-6F750B121975}.Release|Any CPU.Build.0 = Release|Any CPU
	EndGlobalSection
	GlobalSection(SolutionProperties) = preSolution
		HideSolutionNode = FALSE
	EndGlobalSection
	GlobalSection(ExtensibilityGlobals) = postSolution
		SolutionGuid = {21445CED-646E-4F09-A11B-554CD7D04ABF}
	EndGlobalSection
EndGlobal
