
Microsoft Visual Studio Solution File, Format Version 12.00
# Visual Studio Version 17
VisualStudioVersion = 17.11.35312.102
MinimumVisualStudioVersion = 10.0.40219.1
Project("{FAE04EC0-301F-11D3-BF4B-00C04F79EFBC}") = "ticket_queue_system", "ticket_queue_system\ticket_queue_system.csproj", "{3EE685FF-E9C1-492B-AB7B-1E2763B5B6EB}"
EndProject
Global
	GlobalSection(SolutionConfigurationPlatforms) = preSolution
		Debug|Any CPU = Debug|Any CPU
		Release|Any CPU = Release|Any CPU
	EndGlobalSection
	GlobalSection(ProjectConfigurationPlatforms) = postSolution
		{3EE685FF-E9C1-492B-AB7B-1E2763B5B6EB}.Debug|Any CPU.ActiveCfg = Debug|Any CPU
		{3EE685FF-E9C1-492B-AB7B-1E2763B5B6EB}.Debug|Any CPU.Build.0 = Debug|Any CPU
		{3EE685FF-E9C1-492B-AB7B-1E2763B5B6EB}.Release|Any CPU.ActiveCfg = Release|Any CPU
		{3EE685FF-E9C1-492B-AB7B-1E2763B5B6EB}.Release|Any CPU.Build.0 = Release|Any CPU
	EndGlobalSection
	GlobalSection(SolutionProperties) = preSolution
		HideSolutionNode = FALSE
	EndGlobalSection
	GlobalSection(ExtensibilityGlobals) = postSolution
		SolutionGuid = {EBB7149D-7CA6-4392-A809-6DFE17FA558F}
	EndGlobalSection
EndGlobal
